{
  "name": "demo",
  "version": "1.0.0",
  "lockfileVersion": 2,
  "requires": true,
  "packages": {
    "": {
      "name": "demo",
      "version": "1.0.0",
      "license": "ISC",
      "dependencies": {
        "@sterligov/npm-test": "^0.0.1"
      }
    },
    "node_modules/@sterligov/npm-test": {
      "version": "0.0.1",
      "resolved": "https://registry.npmjs.org/@sterligov/npm-test/-/npm-test-0.0.1.tgz",
      "integrity": "sha512-bTZVsFMDYRfrlxMQbNbz9XYwKAa42bQnzDafaJe0F7jb4E9UxS4OGt9T5SY5y0qv7c7KjH3O0ujLy+I1j18OVg=="
    }
  },
  "dependencies": {
    "@sterligov/npm-test": {
      "version": "0.0.1",
      "resolved": "https://registry.npmjs.org/@sterligov/npm-test/-/npm-test-0.0.1.tgz",
      "integrity": "sha512-bTZVsFMDYRfrlxMQbNbz9XYwKAa42bQnzDafaJe0F7jb4E9UxS4OGt9T5SY5y0qv7c7KjH3O0ujLy+I1j18OVg=="
    }
  }
}
